
Microsoft Visual Studio Solution File, Format Version 12.00
# Visual Studio Version 17
VisualStudioVersion = 17.0.32002.185
MinimumVisualStudioVersion = 10.0.40219.1
Project("{FAE04EC0-301F-11D3-BF4B-00C04F79EFBC}") = "TestYou", "TestYou.csproj", "{CAA66D33-55A3-4231-9340-81CAC77A998B}"
EndProject
Global
	GlobalSection(SolutionConfigurationPlatforms) = preSolution
		Debug|Any CPU = Debug|Any CPU
		Release|Any CPU = Release|Any CPU
	EndGlobalSection
	GlobalSection(ProjectConfigurationPlatforms) = postSolution
		{CAA66D33-55A3-4231-9340-81CAC77A998B}.Debug|Any CPU.ActiveCfg = Debug|Any CPU
		{CAA66D33-55A3-4231-9340-81CAC77A998B}.Debug|Any CPU.Build.0 = Debug|Any CPU
		{CAA66D33-55A3-4231-9340-81CAC77A998B}.Release|Any CPU.ActiveCfg = Release|Any CPU
		{CAA66D33-55A3-4231-9340-81CAC77A998B}.Release|Any CPU.Build.0 = Release|Any CPU
	EndGlobalSection
	GlobalSection(SolutionProperties) = preSolution
		HideSolutionNode = FALSE
	EndGlobalSection
	GlobalSection(ExtensibilityGlobals) = postSolution
		SolutionGuid = {A8D8DAE5-77CE-4A1C-8414-6A74FA03F6D8}
	EndGlobalSection
EndGlobal
